
Microsoft Visual Studio Solution File, Format Version 12.00
# Visual Studio Version 17
VisualStudioVersion = 17.9.34616.47
MinimumVisualStudioVersion = 10.0.40219.1
Project("{FAE04EC0-301F-11D3-BF4B-00C04F79EFBC}") = "stp9", "stp9\stp9.csproj", "{DCE065CF-EFA8-4501-B39D-783E9AFC4E9F}"
EndProject
Project("{FAE04EC0-301F-11D3-BF4B-00C04F79EFBC}") = "UnitTestProject1", "UnitTestProject1\UnitTestProject1.csproj", "{2EC007B7-22DB-4C86-B427-996666F68941}"
EndProject
Global
	GlobalSection(SolutionConfigurationPlatforms) = preSolution
		Debug|Any CPU = Debug|Any CPU
		Release|Any CPU = Release|Any CPU
	EndGlobalSection
	GlobalSection(ProjectConfigurationPlatforms) = postSolution
		{DCE065CF-EFA8-4501-B39D-783E9AFC4E9F}.Debug|Any CPU.ActiveCfg = Debug|Any CPU
		{DCE065CF-EFA8-4501-B39D-783E9AFC4E9F}.Debug|Any CPU.Build.0 = Debug|Any CPU
		{DCE065CF-EFA8-4501-B39D-783E9AFC4E9F}.Release|Any CPU.ActiveCfg = Release|Any CPU
		{DCE065CF-EFA8-4501-B39D-783E9AFC4E9F}.Release|Any CPU.Build.0 = Release|Any CPU
		{2EC007B7-22DB-4C86-B427-996666F68941}.Debug|Any CPU.ActiveCfg = Debug|Any CPU
		{2EC007B7-22DB-4C86-B427-996666F68941}.Debug|Any CPU.Build.0 = Debug|Any CPU
		{2EC007B7-22DB-4C86-B427-996666F68941}.Release|Any CPU.ActiveCfg = Release|Any CPU
		{2EC007B7-22DB-4C86-B427-996666F68941}.Release|Any CPU.Build.0 = Release|Any CPU
	EndGlobalSection
	GlobalSection(SolutionProperties) = preSolution
		HideSolutionNode = FALSE
	EndGlobalSection
	GlobalSection(ExtensibilityGlobals) = postSolution
		SolutionGuid = {EED7DD9C-F7C3-4BC7-B168-FDC49267ACB3}
	EndGlobalSection
EndGlobal
